
Microsoft Visual Studio Solution File, Format Version 12.00
# Visual Studio Version 16
VisualStudioVersion = 16.0.29424.173
MinimumVisualStudioVersion = 10.0.40219.1
Project("{FAE04EC0-301F-11D3-BF4B-00C04F79EFBC}") = "MyBlogApi", "MyBlogApi.csproj", "{09B25A8E-4E5A-43D4-AAF2-FBB071AA7450}"
EndProject
Global
	GlobalSection(SolutionConfigurationPlatforms) = preSolution
		Debug|Any CPU = Debug|Any CPU
		Release|Any CPU = Release|Any CPU
	EndGlobalSection
	GlobalSection(ProjectConfigurationPlatforms) = postSolution
		{09B25A8E-4E5A-43D4-AAF2-FBB071AA7450}.Debug|Any CPU.ActiveCfg = Debug|Any CPU
		{09B25A8E-4E5A-43D4-AAF2-FBB071AA7450}.Debug|Any CPU.Build.0 = Debug|Any CPU
		{09B25A8E-4E5A-43D4-AAF2-FBB071AA7450}.Release|Any CPU.ActiveCfg = Release|Any CPU
		{09B25A8E-4E5A-43D4-AAF2-FBB071AA7450}.Release|Any CPU.Build.0 = Release|Any CPU
	EndGlobalSection
	GlobalSection(SolutionProperties) = preSolution
		HideSolutionNode = FALSE
	EndGlobalSection
	GlobalSection(ExtensibilityGlobals) = postSolution
		SolutionGuid = {E04CC30A-3210-4EB6-B3B3-C56612CB5179}
	EndGlobalSection
EndGlobal
